
Microsoft Visual Studio Solution File, Format Version 12.00
# Visual Studio 15
Project("{FAE04EC0-301F-11D3-BF4B-00C04F79EFBC}") = "Assembly-CSharp", "Assembly-CSharp.csproj", "{D0ECD641-007A-818F-8B91-A30564B3B0E3}"
EndProject
Project("{FAE04EC0-301F-11D3-BF4B-00C04F79EFBC}") = "Assembly-CSharp-Editor", "Assembly-CSharp-Editor.csproj", "{AA180693-2425-3FFB-080D-C2DE848AA066}"
EndProject
Global
	GlobalSection(SolutionConfigurationPlatforms) = preSolution
		Debug|Any CPU = Debug|Any CPU
		Release|Any CPU = Release|Any CPU
	EndGlobalSection
	GlobalSection(ProjectConfigurationPlatforms) = postSolution
		{D0ECD641-007A-818F-8B91-A30564B3B0E3}.Debug|Any CPU.ActiveCfg = Debug|Any CPU
		{D0ECD641-007A-818F-8B91-A30564B3B0E3}.Debug|Any CPU.Build.0 = Debug|Any CPU
		{D0ECD641-007A-818F-8B91-A30564B3B0E3}.Release|Any CPU.ActiveCfg = Release|Any CPU
		{D0ECD641-007A-818F-8B91-A30564B3B0E3}.Release|Any CPU.Build.0 = Release|Any CPU
		{AA180693-2425-3FFB-080D-C2DE848AA066}.Debug|Any CPU.ActiveCfg = Debug|Any CPU
		{AA180693-2425-3FFB-080D-C2DE848AA066}.Debug|Any CPU.Build.0 = Debug|Any CPU
		{AA180693-2425-3FFB-080D-C2DE848AA066}.Release|Any CPU.ActiveCfg = Release|Any CPU
		{AA180693-2425-3FFB-080D-C2DE848AA066}.Release|Any CPU.Build.0 = Release|Any CPU
	EndGlobalSection
	GlobalSection(SolutionProperties) = preSolution
		HideSolutionNode = FALSE
	EndGlobalSection
EndGlobal
