
Microsoft Visual Studio Solution File, Format Version 12.00
# Visual Studio 15
Project("{FAE04EC0-301F-11D3-BF4B-00C04F79EFBC}") = "Assembly-CSharp", "Assembly-CSharp.csproj", "{56F6EA6E-EB58-18C9-17F6-5361B460FC4B}"
EndProject
Project("{FAE04EC0-301F-11D3-BF4B-00C04F79EFBC}") = "Assembly-CSharp-Editor", "Assembly-CSharp-Editor.csproj", "{15C0836D-632E-3147-3A26-02BFEBAFF816}"
EndProject
Global
	GlobalSection(SolutionConfigurationPlatforms) = preSolution
		Debug|Any CPU = Debug|Any CPU
		Release|Any CPU = Release|Any CPU
	EndGlobalSection
	GlobalSection(ProjectConfigurationPlatforms) = postSolution
		{56F6EA6E-EB58-18C9-17F6-5361B460FC4B}.Debug|Any CPU.ActiveCfg = Debug|Any CPU
		{56F6EA6E-EB58-18C9-17F6-5361B460FC4B}.Debug|Any CPU.Build.0 = Debug|Any CPU
		{56F6EA6E-EB58-18C9-17F6-5361B460FC4B}.Release|Any CPU.ActiveCfg = Release|Any CPU
		{56F6EA6E-EB58-18C9-17F6-5361B460FC4B}.Release|Any CPU.Build.0 = Release|Any CPU
		{15C0836D-632E-3147-3A26-02BFEBAFF816}.Debug|Any CPU.ActiveCfg = Debug|Any CPU
		{15C0836D-632E-3147-3A26-02BFEBAFF816}.Debug|Any CPU.Build.0 = Debug|Any CPU
		{15C0836D-632E-3147-3A26-02BFEBAFF816}.Release|Any CPU.ActiveCfg = Release|Any CPU
		{15C0836D-632E-3147-3A26-02BFEBAFF816}.Release|Any CPU.Build.0 = Release|Any CPU
	EndGlobalSection
	GlobalSection(SolutionProperties) = preSolution
		HideSolutionNode = FALSE
	EndGlobalSection
EndGlobal
